Microsoft Visual Studio Solution File, Format Version 12.00
# Visual Studio Version 17
VisualStudioVersion = 17.5.2.0
MinimumVisualStudioVersion = 10.0.40219.1
Project("{FAE04EC0-301F-11D3-BF4B-00C04F79EFBC}") = "ef-barebones", "ef-barebones.csproj", "{BDF55AC7-99AE-793B-9F12-9F298AC5B453}"
EndProject
Global
	GlobalSection(SolutionConfigurationPlatforms) = preSolution
		Debug|Any CPU = Debug|Any CPU
		Release|Any CPU = Release|Any CPU
	EndGlobalSection
	GlobalSection(ProjectConfigurationPlatforms) = postSolution
		{BDF55AC7-99AE-793B-9F12-9F298AC5B453}.Debug|Any CPU.ActiveCfg = Debug|Any CPU
		{BDF55AC7-99AE-793B-9F12-9F298AC5B453}.Debug|Any CPU.Build.0 = Debug|Any CPU
		{BDF55AC7-99AE-793B-9F12-9F298AC5B453}.Release|Any CPU.ActiveCfg = Release|Any CPU
		{BDF55AC7-99AE-793B-9F12-9F298AC5B453}.Release|Any CPU.Build.0 = Release|Any CPU
	EndGlobalSection
	GlobalSection(SolutionProperties) = preSolution
		HideSolutionNode = FALSE
	EndGlobalSection
	GlobalSection(ExtensibilityGlobals) = postSolution
		SolutionGuid = {BEF1CFC1-E87C-46F6-923D-E833BF82179A}
	EndGlobalSection
EndGlobal
